cloud.google.com/go/iam v1.5.2 h1:qgFRAGEmd8z6dJ/qyEchAuL9jpswyODjA2lS+w234g8=
cloud.google.com/go/iam v1.5.2/go.mod h1:SE1vg0N81zQqLzQEwxL2WI6yhetBdbNQuTvIKCSkUHE=
cloud.google.com/go/longrunning v0.6.7 h1:IGtfDWHhQCgCjwQjV9iiLnUta9LBCo8R9QmAFsS/PrE=
cloud.google.com/go/longrunning v0.6.7/go.mod h1:EAFV3IZAKmM56TyiE6VAP3VoTzhZzySwI/YI1s/nRsY=
github.com/bahlo/generic-list-go v0.2.0 h1:5sz/EEAK+ls5wF+NeqDpk5+iNdMDXrh3z3nPnH1Wvgk=
github.com/bahlo/generic-list-go v0.2.0/go.mod h1:2KvAjgMlE5NNynlg/5iLrrCCZ2+5xWbdbCW3pNTGyYg=
github.com/buger/jsonparser v1.1.1 h1:2PnMjfWD7wBILjqQbt530v576A/cAbQvEW9gGIpYMUs=
github.com/buger/jsonparser v1.1.1/go.mod h1:6RYKKt7H4d4+iWqouImQ9R2FZql3VbhNgx27UK13J/0=
github.com/cbroglie/mustache v1.4.0 h1:Azg0dVhxTml5me+7PsZ7WPrQq1Gkf3WApcHMjMprYoU=
github.com/cbroglie/mustache v1.4.0/go.mod h1:SS1FTIghy0sjse4DUVGV1k/40B1qE1XkD9DtDsHo9iM=
github.com/creack/pty v1.1.9/go.mod h1:oKZEueFk5CKHvIhNR5MUki03XCEU+Q6VDXinZuGJ33E=
github.com/davecgh/go-spew v1.1.1 h1:vj9j/u1bqnvCEfJOwUhtlOARqs3+rkHYY13jYWTU97c=
github.com/davecgh/go-spew v1.1.1/go.mod h1:J7Y8YcW2NihsgmVo/mv3lAwl/skON4iLHjSsI+c5H38=
github.com/ghodss/yaml v1.0.0 h1:wQHKEahhL6wmXdzwWG11gIVCkOv05bNOh+Rxn0yngAk=
github.com/ghodss/yaml v1.0.0/go.mod h1:4dBDuWmgqj2HViK6kFavaiC9ZROes6MMH2rRYeMEF04=
github.com/go-logr/logr v1.4.2 h1:6pFjapn8bFcIbiKo3XT4j/BhANplGihG6tvd+8rYgrY=
github.com/go-logr/logr v1.4.2/go.mod h1:9T104GzyrTigFIr8wt5mBrctHMim0Nb2HLGrmQ40KvY=
github.com/go-logr/stdr v1.2.2 h1:hSWxHoqTgW2S2qGc0LTAI563KZ5YKYRhT3MFKZMbjag=
github.com/go-logr/stdr v1.2.2/go.mod h1:mMo/vtBO5dYbehREoey6XUKy/eSumjCCveDpRre4VKE=
github.com/golang/protobuf v1.5.4 h1:i7eJL8qZTpSEXOPTxNKhASYpMn+8e5Q6AdndVa1dWek=
github.com/golang/protobuf v1.5.4/go.mod h1:lnTiLA8Wa4RWRcIUkrtSVa5nRhsEGBg48fD6rSs7xps=
github.com/google/go-cmp v0.7.0 h1:wk8382ETsv4JYUZwIsn6YpYiWiBsYLSJiTsyBybVuN8=
github.com/google/go-cmp v0.7.0/go.mod h1:pXiqmnSA92OHEEa9HXL2W4E7lf9JzCmGVUdgjX3N/iU=
github.com/google/uuid v1.6.0 h1:NIvaJDMOsjHA8n1jAhLSgzrAzy1Hgr+hNrb57e+94F0=
github.com/google/uuid v1.6.0/go.mod h1:TIyPZe4MgqvfeYDBFedMoGGpEw/LqOeaOT+nhxU+yHo=
github.com/iancoleman/strcase v0.3.0 h1:nTXanmYxhfFAMjZL34Ov6gkzEsSJZ5DbhxWjvSASxEI=
github.com/iancoleman/strcase v0.3.0/go.mod h1:iwCmte+B7n89clKwxIoIXy/HfoL7AsD47ZCWhYzw7ho=
github.com/kr/pretty v0.2.1/go.mod h1:ipq/a2n7PKx3OHsz4KJII5eveXtPO4qwEXGdVfWzfnI=
github.com/kr/pretty v0.3.1 h1:flRD4NNwYAUpkphVc1HcthR4KEIFJ65n8Mw5qdRn3LE=
github.com/kr/pretty v0.3.1/go.mod h1:hoEshYVHaxMs3cyo3Yncou5ZscifuDolrwPKZanG3xk=
github.com/kr/pty v1.1.1/go.mod h1:pFQYn66WHrOpPYNljwOMqo10TkYh1fy3cYio2l3bCsQ=
github.com/kr/text v0.1.0/go.mod h1:4Jbv+DJW3UT/LiOwJeYQe1efqtUx/iVham/4vfdArNI=
github.com/kr/text v0.2.0 h1:5Nx0Ya0ZqY2ygV366QzturHI13Jq95ApcVaJBhpS+AY=
github.com/kr/text v0.2.0/go.mod h1:eLer722TekiGuMkidMxC/pM04lWEeraHUUmBw8l2grE=
github.com/mailru/easyjson v0.9.0 h1:PrnmzHw7262yW8sTBwxi1PdJA3Iw/EKBa8psRf7d9a4=
github.com/mailru/easyjson v0.9.0/go.mod h1:1+xMtQp2MRNVL/V1bOzuP3aP8VNwRW55fQUto+XFtTU=
github.com/pb33f/libopenapi v0.23.0 h1:gZP1zrtvMwk7spGDTZf4OufKgpOH8M9gHAZ77rf39Oo=
github.com/pb33f/libopenapi v0.23.0/go.mod h1:utT5sD2/mnN7YK68FfZT5yEPbI1wwRBpSS4Hi0oOrBU=
github.com/pelletier/go-toml/v2 v2.2.4 h1:mye9XuhQ6gvn5h28+VilKrrPoQVanw5PMw/TB0t5Ec4=
github.com/pelletier/go-toml/v2 v2.2.4/go.mod h1:2gIqNv+qfxSVS7cM2xJQKtLSTLUE9V8t9Stt+h56mCY=
github.com/pkg/diff v0.0.0-20210226163009-20ebb0f2a09e/go.mod h1:pJLUxLENpZxwdsKMEsNbx1VGcRFpLqf3715MtcvvzbA=
github.com/pmezard/go-difflib v1.0.0 h1:4DBwDE0NGyQoBHbLQYPwSUPoCMWR5BEzIk/f1lZbAQM=
github.com/pmezard/go-difflib v1.0.0/go.mod h1:iKH77koFhYxTK1pcRnkKkqfTogsbg7gZNVY4sRDYZ/4=
github.com/rogpeppe/go-internal v1.9.0/go.mod h1:WtVeX8xhTBvf0smdhujwtBcq4Qrzq/fJaraNFVN+nFs=
github.com/rogpeppe/go-internal v1.13.1 h1:KvO1DLK/DRN07sQ1LQKScxyZJuNnedQ5/wKSR38lUII=
github.com/rogpeppe/go-internal v1.13.1/go.mod h1:uMEvuHeurkdAXX61udpOXGD/AzZDWNMNyH2VO9fmH0o=
github.com/speakeasy-api/jsonpath v0.6.2 h1:Mys71yd6u8kuowNCR0gCVPlVAHCmKtoGXYoAtcEbqXQ=
github.com/speakeasy-api/jsonpath v0.6.2/go.mod h1:ymb2iSkyOycmzKwbEAYPJV/yi2rSmvBCLZJcyD+VVWw=
github.com/stretchr/testify v1.10.0 h1:Xv5erBjTwe/5IxqUQTdXv5kgmIvbHo3QQyRwhJsOfJA=
github.com/stretchr/testify v1.10.0/go.mod h1:r2ic/lqez/lEtzL7wO/rwa5dbSLXVDPFyf8C91i36aY=
github.com/walle/targz v0.0.0-20140417120357-57fe4206da5a h1:6cKSHLRphD9Fo1LJlISiulvgYCIafJ3QfKLimPYcAGc=
github.com/walle/targz v0.0.0-20140417120357-57fe4206da5a/go.mod h1:nccQrXCnc5SjsThFLmL7hYbtT/mHJcuolPifzY5vJqE=
github.com/wk8/go-ordered-map/v2 v2.1.9-0.20240815153524-6ea36470d1bd h1:dLuIF2kX9c+KknGJUdJi1Il1SDiTSK158/BB9kdgAew=
github.com/wk8/go-ordered-map/v2 v2.1.9-0.20240815153524-6ea36470d1bd/go.mod h1:DbzwytT4g/odXquuOCqroKvtxxldI4nb3nuesHF/Exo=
github.com/yuin/goldmark v1.7.12 h1:YwGP/rrea2/CnCtUHgjuolG/PnMxdQtPMO5PvaE2/nY=
github.com/yuin/goldmark v1.7.12/go.mod h1:ip/1k0VRfGynBgxOz0yCqHrbZXhcjxyuS66Brc7iBKg=
go.opentelemetry.io/auto/sdk v1.1.0 h1:cH53jehLUN6UFLY71z+NDOiNJqDdPRaXzTel0sJySYA=
go.opentelemetry.io/auto/sdk v1.1.0/go.mod h1:3wSPjt5PWp2RhlCcmmOial7AvC4DQqZb7a7wCow3W8A=
go.opentelemetry.io/otel v1.35.0 h1:xKWKPxrxB6OtMCbmMY021CqC45J+3Onta9MqjhnusiQ=
go.opentelemetry.io/otel v1.35.0/go.mod h1:UEqy8Zp11hpkUrL73gSlELM0DupHoiq72dR+Zqel/+Y=
go.opentelemetry.io/otel/metric v1.35.0 h1:0znxYu2SNyuMSQT4Y9WDWej0VpcsxkuklLa4/siN90M=
go.opentelemetry.io/otel/metric v1.35.0/go.mod h1:nKVFgxBZ2fReX6IlyW28MgZojkoAkJGaE8CpgeAU3oE=
go.opentelemetry.io/otel/sdk v1.35.0 h1:iPctf8iprVySXSKJffSS79eOjl9pvxV9ZqOWT0QejKY=
go.opentelemetry.io/otel/sdk v1.35.0/go.mod h1:+ga1bZliga3DxJ3CQGg3updiaAJoNECOgJREo9KHGQg=
go.opentelemetry.io/otel/sdk/metric v1.35.0 h1:1RriWBmCKgkeHEhM7a2uMjMUfP7MsOF5JpUCaEqEI9o=
go.opentelemetry.io/otel/sdk/metric v1.35.0/go.mod h1:is6XYCUMpcKi+ZsOvfluY5YstFnhW0BidkR+gL+qN+w=
go.opentelemetry.io/otel/trace v1.35.0 h1:dPpEfJu1sDIqruz7BHFG3c7528f6ddfSWfFDVt/xgMs=
go.opentelemetry.io/otel/trace v1.35.0/go.mod h1:WUk7DtFp1Aw2MkvqGdwiXYDZZNvA/1J8o6xRXLrIkyc=
golang.org/x/net v0.39.0 h1:ZCu7HMWDxpXpaiKdhzIfaltL9Lp31x/3fCP11bc6/fY=
golang.org/x/net v0.39.0/go.mod h1:X7NRbYVEA+ewNkCNyJ513WmMdQ3BineSwVtN2zD/d+E=
golang.org/x/sys v0.32.0 h1:s77OFDvIQeibCmezSnk/q6iAfkdiQaJi4VzroCFrN20=
golang.org/x/sys v0.32.0/go.mod h1:BJP2sWEmIv4KK5OTEluFJCKSidICx8ciO85XgH3Ak8k=
golang.org/x/text v0.24.0 h1:dd5Bzh4yt5KYA8f9CJHCP4FB4D51c2c6JvN37xJJkJ0=
golang.org/x/text v0.24.0/go.mod h1:L8rBsPeo2pSS+xqN0d5u2ikmjtmoJbDBT1b7nHvFCdU=
google.golang.org/genproto v0.0.0-20250303144028-a0af3efb3deb h1:ITgPrl429bc6+2ZraNSzMDk3I95nmQln2fuPstKwFDE=
google.golang.org/genproto v0.0.0-20250303144028-a0af3efb3deb/go.mod h1:sAo5UzpjUwgFBCzupwhcLcxHVDK7vG5IqI30YnwX2eE=
google.golang.org/genproto/googleapis/api v0.0.0-20250414145226-207652e42e2e h1:UdXH7Kzbj+Vzastr5nVfccbmFsmYNygVLSPk1pEfDoY=
google.golang.org/genproto/googleapis/api v0.0.0-20250414145226-207652e42e2e/go.mod h1:085qFyf2+XaZlRdCgKNCIZ3afY2p4HHZdoIRpId8F4A=
google.golang.org/genproto/googleapis/rpc v0.0.0-20250414145226-207652e42e2e h1:ztQaXfzEXTmCBvbtWYRhJxW+0iJcz2qXfd38/e9l7bA=
google.golang.org/genproto/googleapis/rpc v0.0.0-20250414145226-207652e42e2e/go.mod h1:qQ0YXyHHx3XkvlzUtpXDkS29lDSafHMZBAZDc03LQ3A=
google.golang.org/grpc v1.71.1 h1:ffsFWr7ygTUscGPI0KKK6TLrGz0476KUvvsbqWK0rPI=
google.golang.org/grpc v1.71.1/go.mod h1:H0GRtasmQOh9LkFoCPDu3ZrwUtD1YGE+b2vYBYd/8Ec=
google.golang.org/protobuf v1.36.6 h1:z1NpPI8ku2WgiWnf+t9wTPsn6eP1L7ksHUlkfLvd9xY=
google.golang.org/protobuf v1.36.6/go.mod h1:jduwjTPXsFjZGTmRluh+L6NjiWu7pchiJ2/5YcXBHnY=
gopkg.in/check.v1 v0.0.0-20161208181325-20d25e280405/go.mod h1:Co6ibVJAznAaIkqp8huTwlJQCZ016jof/cbN4VW5Yz0=
gopkg.in/check.v1 v1.0.0-20201130134442-10cb98267c6c h1:Hei/4ADfdWqJk1ZMxUNpqntNwaWcugrBjAiHlqqRiVk=
gopkg.in/check.v1 v1.0.0-20201130134442-10cb98267c6c/go.mod h1:JHkPIbrfpd72SG/EVd6muEfDQjcINNoR0C8j2r3qZ4Q=
gopkg.in/yaml.v2 v2.4.0 h1:D8xgwECY7CYvx+Y2n4sBz93Jn9JRvxdiyyo8CTfuKaY=
gopkg.in/yaml.v2 v2.4.0/go.mod h1:RDklbk79AGWmwhnvt/jBztapEOGDOx6ZbXqjP6csGnQ=
gopkg.in/yaml.v3 v3.0.1 h1:fxVm/GzAzEWqLHuvctI91KS9hhNmmWOoWu0XTYJS7CA=
gopkg.in/yaml.v3 v3.0.1/go.mod h1:K4uyk7z7BCEPqu6E+C64Yfv1cQ7kz7rIZviUmN+EgEM=
